// !$*UTF8*$!
{
	archiveVersion = 1;
	classes = {
	};
	objectVersion = 48;
	objects = {

/* Begin PBXBuildFile section */
		571E664621643359000AEA27 /* ItemViewController.swift in Sources */ = {isa = PBXBuildFile; fileRef = 571E664521643359000AEA27 /* ItemViewController.swift */; };
		7232BF192162EC8E0053368B /* AppDelegate.swift in Sources */ = {isa = PBXBuildFile; fileRef = 7232BF182162EC8E0053368B /* AppDelegate.swift */; };
		7232BF1E2162EC8E0053368B /* Main.storyboard in Resources */ = {isa = PBXBuildFile; fileRef = 7232BF1C2162EC8E0053368B /* Main.storyboard */; };
		7232BF202162EC8E0053368B /* Assets.xcassets in Resources */ = {isa = PBXBuildFile; fileRef = 7232BF1F2162EC8E0053368B /* Assets.xcassets */; };
		7232BF232162EC8E0053368B /* LaunchScreen.storyboard in Resources */ = {isa = PBXBuildFile; fileRef = 7232BF212162EC8E0053368B /* LaunchScreen.storyboard */; };
		7232BF2E2162EC8E0053368B /* WengZheng_Mini_AppTests.swift in Sources */ = {isa = PBXBuildFile; fileRef = 7232BF2D2162EC8E0053368B /* WengZheng_Mini_AppTests.swift */; };
		7232BF392162FD4C0053368B /* BucketItem.swift in Sources */ = {isa = PBXBuildFile; fileRef = 7232BF382162FD4C0053368B /* BucketItem.swift */; };
		7232BF3B216301650053368B /* BucketListTableViewCell.swift in Sources */ = {isa = PBXBuildFile; fileRef = 7232BF3A216301650053368B /* BucketListTableViewCell.swift */; };
		7232BF3D216304770053368B /* BucketListTableViewController.swift in Sources */ = {isa = PBXBuildFile; fileRef = 7232BF3C216304770053368B /* BucketListTableViewController.swift */; };
/* End PBXBuildFile section */

/* Begin PBXContainerItemProxy section */
		7232BF2A2162EC8E0053368B /* PBXContainerItemProxy */ = {
			isa = PBXContainerItemProxy;
			containerPortal = 7232BF0D2162EC8E0053368B /* Project object */;
			proxyType = 1;
			remoteGlobalIDString = 7232BF142162EC8E0053368B;
			remoteInfo = "WengZheng Mini App";
		};
/* End PBXContainerItemProxy section */

/* Begin PBXFileReference section */
		571E664521643359000AEA27 /* ItemViewController.swift */ = {isa = PBXFileReference; lastKnownFileType = sourcecode.swift; path = ItemViewController.swift; sourceTree = "<group>"; };
		7232BF152162EC8E0053368B /* WengZheng Mini App.app */ = {isa = PBXFileReference; explicitFileType = wrapper.application; includeInIndex = 0; path = "WengZheng Mini App.app"; sourceTree = BUILT_PRODUCTS_DIR; };
		7232BF182162EC8E0053368B /* AppDelegate.swift */ = {isa = PBXFileReference; lastKnownFileType = sourcecode.swift; path = AppDelegate.swift; sourceTree = "<group>"; };
		7232BF1D2162EC8E0053368B /* Base */ = {isa = PBXFileReference; lastKnownFileType = file.storyboard; name = Base; path = Base.lproj/Main.storyboard; sourceTree = "<group>"; };
		7232BF1F2162EC8E0053368B /* Assets.xcassets */ = {isa = PBXFileReference; lastKnownFileType = folder.assetcatalog; path = Assets.xcassets; sourceTree = "<group>"; };
		7232BF222162EC8E0053368B /* Base */ = {isa = PBXFileReference; lastKnownFileType = file.storyboard; name = Base; path = Base.lproj/LaunchScreen.storyboard; sourceTree = "<group>"; };
		7232BF242162EC8E0053368B /* Info.plist */ = {isa = PBXFileReference; lastKnownFileType = text.plist.xml; path = Info.plist; sourceTree = "<group>"; };
		7232BF292162EC8E0053368B /* WengZheng Mini AppTests.xctest */ = {isa = PBXFileReference; explicitFileType = wrapper.cfbundle; includeInIndex = 0; path = "WengZheng Mini AppTests.xctest"; sourceTree = BUILT_PRODUCTS_DIR; };
		7232BF2D2162EC8E0053368B /* WengZheng_Mini_AppTests.swift */ = {isa = PBXFileReference; lastKnownFileType = sourcecode.swift; path = WengZheng_Mini_AppTests.swift; sourceTree = "<group>"; };
		7232BF2F2162EC8E0053368B /* Info.plist */ = {isa = PBXFileReference; lastKnownFileType = text.plist.xml; path = Info.plist; sourceTree = "<group>"; };
		7232BF382162FD4C0053368B /* BucketItem.swift */ = {isa = PBXFileReference; lastKnownFileType = sourcecode.swift; path = BucketItem.swift; sourceTree = "<group>"; };
		7232BF3A216301650053368B /* BucketListTableViewCell.swift */ = {isa = PBXFileReference; lastKnownFileType = sourcecode.swift; path = BucketListTableViewCell.swift; sourceTree = "<group>"; };
		7232BF3C216304770053368B /* BucketListTableViewController.swift */ = {isa = PBXFileReference; lastKnownFileType = sourcecode.swift; path = BucketListTableViewController.swift; sourceTree = "<group>"; };
/* End PBXFileReference section */

/* Begin PBXFrameworksBuildPhase section */
		7232BF122162EC8E0053368B /* Frameworks */ = {
			isa = PBXFrameworksBuildPhase;
			buildActionMask = 2147483647;
			files = (
			);
			runOnlyForDeploymentPostprocessing = 0;
		};
		7232BF262162EC8E0053368B /* Frameworks */ = {
			isa = PBXFrameworksBuildPhase;
			buildActionMask = 2147483647;
			files = (
			);
			runOnlyForDeploymentPostprocessing = 0;
		};
/* End PBXFrameworksBuildPhase section */

/* Begin PBXGroup section */
		7232BF0C2162EC8E0053368B = {
			isa = PBXGroup;
			children = (
				7232BF172162EC8E0053368B /* WengZheng Mini App */,
				7232BF2C2162EC8E0053368B /* WengZheng Mini AppTests */,
				7232BF162162EC8E0053368B /* Products */,
			);
			sourceTree = "<group>";
		};
		7232BF162162EC8E0053368B /* Products */ = {
			isa = PBXGroup;
			children = (
				7232BF152162EC8E0053368B /* WengZheng Mini App.app */,
				7232BF292162EC8E0053368B /* WengZheng Mini AppTests.xctest */,
			);
			name = Products;
			sourceTree = "<group>";
		};
		7232BF172162EC8E0053368B /* WengZheng Mini App */ = {
			isa = PBXGroup;
			children = (
				571E664521643359000AEA27 /* ItemViewController.swift */,
				7232BF182162EC8E0053368B /* AppDelegate.swift */,
				7232BF1C2162EC8E0053368B /* Main.storyboard */,
				7232BF3C216304770053368B /* BucketListTableViewController.swift */,
				7232BF3A216301650053368B /* BucketListTableViewCell.swift */,
				7232BF382162FD4C0053368B /* BucketItem.swift */,
				7232BF1F2162EC8E0053368B /* Assets.xcassets */,
				7232BF212162EC8E0053368B /* LaunchScreen.storyboard */,
				7232BF242162EC8E0053368B /* Info.plist */,
			);
			path = "WengZheng Mini App";
			sourceTree = "<group>";
		};
		7232BF2C2162EC8E0053368B /* WengZheng Mini AppTests */ = {
			isa = PBXGroup;
			children = (
				7232BF2D2162EC8E0053368B /* WengZheng_Mini_AppTests.swift */,
				7232BF2F2162EC8E0053368B /* Info.plist */,
			);
			path = "WengZheng Mini AppTests";
			sourceTree = "<group>";
		};
/* End PBXGroup section */

/* Begin PBXNativeTarget section */
		7232BF142162EC8E0053368B /* WengZheng Mini App */ = {
			isa = PBXNativeTarget;
			buildConfigurationList = 7232BF322162EC8E0053368B /* Build configuration list for PBXNativeTarget "WengZheng Mini App" */;
			buildPhases = (
				7232BF112162EC8E0053368B /* Sources */,
				7232BF122162EC8E0053368B /* Frameworks */,
				7232BF132162EC8E0053368B /* Resources */,
			);
			buildRules = (
			);
			dependencies = (
			);
			name = "WengZheng Mini App";
			productName = "WengZheng Mini App";
			productReference = 7232BF152162EC8E0053368B /* WengZheng Mini App.app */;
			productType = "com.apple.product-type.application";
		};
		7232BF282162EC8E0053368B /* WengZheng Mini AppTests */ = {
			isa = PBXNativeTarget;
			buildConfigurationList = 7232BF352162EC8E0053368B /* Build configuration list for PBXNativeTarget "WengZheng Mini AppTests" */;
			buildPhases = (
				7232BF252162EC8E0053368B /* Sources */,
				7232BF262162EC8E0053368B /* Frameworks */,
				7232BF272162EC8E0053368B /* Resources */,
			);
			buildRules = (
			);
			dependencies = (
				7232BF2B2162EC8E0053368B /* PBXTargetDependency */,
			);
			name = "WengZheng Mini AppTests";
			productName = "WengZheng Mini AppTests";
			productReference = 7232BF292162EC8E0053368B /* WengZheng Mini AppTests.xctest */;
			productType = "com.apple.product-type.bundle.unit-test";
		};
/* End PBXNativeTarget section */

/* Begin PBXProject section */
		7232BF0D2162EC8E0053368B /* Project object */ = {
			isa = PBXProject;
			attributes = {
				LastSwiftUpdateCheck = 0920;
				LastUpgradeCheck = 0920;
				ORGANIZATIONNAME = "Jeremy Weng and Alicia Zheng";
				TargetAttributes = {
					7232BF142162EC8E0053368B = {
						CreatedOnToolsVersion = 9.2;
						ProvisioningStyle = Automatic;
					};
					7232BF282162EC8E0053368B = {
						CreatedOnToolsVersion = 9.2;
						ProvisioningStyle = Automatic;
						TestTargetID = 7232BF142162EC8E0053368B;
					};
				};
			};
			buildConfigurationList = 7232BF102162EC8E0053368B /* Build configuration list for PBXProject "WengZheng Mini App" */;
			compatibilityVersion = "Xcode 8.0";
			developmentRegion = en;
			hasScannedForEncodings = 0;
			knownRegions = (
				en,
				Base,
			);
			mainGroup = 7232BF0C2162EC8E0053368B;
			productRefGroup = 7232BF162162EC8E0053368B /* Products */;
			projectDirPath = "";
			projectRoot = "";
			targets = (
				7232BF142162EC8E0053368B /* WengZheng Mini App */,
				7232BF282162EC8E0053368B /* WengZheng Mini AppTests */,
			);
		};
/* End PBXProject section */

/* Begin PBXResourcesBuildPhase section */
		7232BF132162EC8E0053368B /* Resources */ = {
			isa = PBXResourcesBuildPhase;
			buildActionMask = 2147483647;
			files = (
				7232BF232162EC8E0053368B /* LaunchScreen.storyboard in Resources */,
				7232BF202162EC8E0053368B /* Assets.xcassets in Resources */,
				7232BF1E2162EC8E0053368B /* Main.storyboard in Resources */,
			);
			runOnlyForDeploymentPostprocessing = 0;
		};
		7232BF272162EC8E0053368B /* Resources */ = {
			isa = PBXResourcesBuildPhase;
			buildActionMask = 2147483647;
			files = (
			);
			runOnlyForDeploymentPostprocessing = 0;
		};
/* End PBXResourcesBuildPhase section */

/* Begin PBXSourcesBuildPhase section */
		7232BF112162EC8E0053368B /* Sources */ = {
			isa = PBXSourcesBuildPhase;
			buildActionMask = 2147483647;
			files = (
				571E664621643359000AEA27 /* ItemViewController.swift in Sources */,
				7232BF392162FD4C0053368B /* BucketItem.swift in Sources */,
				7232BF3D216304770053368B /* BucketListTableViewController.swift in Sources */,
				7232BF3B216301650053368B /* BucketListTableViewCell.swift in Sources */,
				7232BF192162EC8E0053368B /* AppDelegate.swift in Sources */,
			);
			runOnlyForDeploymentPostprocessing = 0;
		};
		7232BF252162EC8E0053368B /* Sources */ = {
			isa = PBXSourcesBuildPhase;
			buildActionMask = 2147483647;
			files = (
				7232BF2E2162EC8E0053368B /* WengZheng_Mini_AppTests.swift in Sources */,
			);
			runOnlyForDeploymentPostprocessing = 0;
		};
/* End PBXSourcesBuildPhase section */

/* Begin PBXTargetDependency section */
		7232BF2B2162EC8E0053368B /* PBXTargetDependency */ = {
			isa = PBXTargetDependency;
			target = 7232BF142162EC8E0053368B /* WengZheng Mini App */;
			targetProxy = 7232BF2A2162EC8E0053368B /* PBXContainerItemProxy */;
		};
/* End PBXTargetDependency section */

/* Begin PBXVariantGroup section */
		7232BF1C2162EC8E0053368B /* Main.storyboard */ = {
			isa = PBXVariantGroup;
			children = (
				7232BF1D2162EC8E0053368B /* Base */,
			);
			name = Main.storyboard;
			sourceTree = "<group>";
		};
		7232BF212162EC8E0053368B /* LaunchScreen.storyboard */ = {
			isa = PBXVariantGroup;
			children = (
				7232BF222162EC8E0053368B /* Base */,
			);
			name = LaunchScreen.storyboard;
			sourceTree = "<group>";
		};
/* End PBXVariantGroup section */

/* Begin XCBuildConfiguration section */
		7232BF302162EC8E0053368B /* Debug */ = {
			isa = XCBuildConfiguration;
			buildSettings = {
				ALWAYS_SEARCH_USER_PATHS = NO;
				CLANG_ANALYZER_NONNULL = YES;
				CLANG_ANALYZER_NUMBER_OBJECT_CONVERSION = YES_AGGRESSIVE;
				CLANG_CXX_LANGUAGE_STANDARD = "gnu++14";
				CLANG_CXX_LIBRARY = "libc++";
				CLANG_ENABLE_MODULES = YES;
				CLANG_ENABLE_OBJC_ARC = YES;
				CLANG_WARN_BLOCK_CAPTURE_AUTORELEASING = YES;
				CLANG_WARN_BOOL_CONVERSION = YES;
				CLANG_WARN_COMMA = YES;
				CLANG_WARN_CONSTANT_CONVERSION = YES;
				CLANG_WARN_DIRECT_OBJC_ISA_USAGE = YES_ERROR;
				CLANG_WARN_DOCUMENTATION_COMMENTS = YES;
				CLANG_WARN_EMPTY_BODY = YES;
				CLANG_WARN_ENUM_CONVERSION = YES;
				CLANG_WARN_INFINITE_RECURSION = YES;
				CLANG_WARN_INT_CONVERSION = YES;
				CLANG_WARN_NON_LITERAL_NULL_CONVERSION = YES;
				CLANG_WARN_OBJC_LITERAL_CONVERSION = YES;
				CLANG_WARN_OBJC_ROOT_CLASS = YES_ERROR;
				CLANG_WARN_RANGE_LOOP_ANALYSIS = YES;
				CLANG_WARN_STRICT_PROTOTYPES = YES;
				CLANG_WARN_SUSPICIOUS_MOVE = YES;
				CLANG_WARN_UNGUARDED_AVAILABILITY = YES_AGGRESSIVE;
				CLANG_WARN_UNREACHABLE_CODE = YES;
				CLANG_WARN__DUPLICATE_METHOD_MATCH = YES;
				CODE_SIGN_IDENTITY = "iPhone Developer";
				COPY_PHASE_STRIP = NO;
				DEBUG_INFORMATION_FORMAT = dwarf;
				ENABLE_STRICT_OBJC_MSGSEND = YES;
				ENABLE_TESTABILITY = YES;
				GCC_C_LANGUAGE_STANDARD = gnu11;
				GCC_DYNAMIC_NO_PIC = NO;
				GCC_NO_COMMON_BLOCKS = YES;
				GCC_OPTIMIZATION_LEVEL = 0;
				GCC_PREPROCESSOR_DEFINITIONS = (
					"DEBUG=1",
					"$(inherited)",
				);
				GCC_WARN_64_TO_32_BIT_CONVERSION = YES;
				GCC_WARN_ABOUT_RETURN_TYPE = YES_ERROR;
				GCC_WARN_UNDECLARED_SELECTOR = YES;
				GCC_WARN_UNINITIALIZED_AUTOS = YES_AGGRESSIVE;
				GCC_WARN_UNUSED_FUNCTION = YES;
				GCC_WARN_UNUSED_VARIABLE = YES;
				IPHONEOS_DEPLOYMENT_TARGET = 11.2;
				MTL_ENABLE_DEBUG_INFO = YES;
				ONLY_ACTIVE_ARCH = YES;
				SDKROOT = iphoneos;
				SWIFT_ACTIVE_COMPILATION_CONDITIONS = DEBUG;
				SWIFT_OPTIMIZATION_LEVEL = "-Onone";
			};
			name = Debug;
		};
		7232BF312162EC8E0053368B /* Release */ = {
			isa = XCBuildConfiguration;
			buildSettings = {
				ALWAYS_SEARCH_USER_PATHS = NO;
				CLANG_ANALYZER_NONNULL = YES;
				CLANG_ANALYZER_NUMBER_OBJECT_CONVERSION = YES_AGGRESSIVE;
				CLANG_CXX_LANGUAGE_STANDARD = "gnu++14";
				CLANG_CXX_LIBRARY = "libc++";
				CLANG_ENABLE_MODULES = YES;
				CLANG_ENABLE_OBJC_ARC = YES;
				CLANG_WARN_BLOCK_CAPTURE_AUTORELEASING = YES;
				CLANG_WARN_BOOL_CONVERSION = YES;
				CLANG_WARN_COMMA = YES;
				CLANG_WARN_CONSTANT_CONVERSION = YES;
				CLANG_WARN_DIRECT_OBJC_ISA_USAGE = YES_ERROR;
				CLANG_WARN_DOCUMENTATION_COMMENTS = YES;
				CLANG_WARN_EMPTY_BODY = YES;
				CLANG_WARN_ENUM_CONVERSION = YES;
				CLANG_WARN_INFINITE_RECURSION = YES;
				CLANG_WARN_INT_CONVERSION = YES;
				CLANG_WARN_NON_LITERAL_NULL_CONVERSION = YES;
				CLANG_WARN_OBJC_LITERAL_CONVERSION = YES;
				CLANG_WARN_OBJC_ROOT_CLASS = YES_ERROR;
				CLANG_WARN_RANGE_LOOP_ANALYSIS = YES;
				CLANG_WARN_STRICT_PROTOTYPES = YES;
				CLANG_WARN_SUSPICIOUS_MOVE = YES;
				CLANG_WARN_UNGUARDED_AVAILABILITY = YES_AGGRESSIVE;
				CLANG_WARN_UNREACHABLE_CODE = YES;
				CLANG_WARN__DUPLICATE_METHOD_MATCH = YES;
				CODE_SIGN_IDENTITY = "iPhone Developer";
				COPY_PHASE_STRIP = NO;
				DEBUG_INFORMATION_FORMAT = "dwarf-with-dsym";
				ENABLE_NS_ASSERTIONS = NO;
				ENABLE_STRICT_OBJC_MSGSEND = YES;
				GCC_C_LANGUAGE_STANDARD = gnu11;
				GCC_NO_COMMON_BLOCKS = YES;
				GCC_WARN_64_TO_32_BIT_CONVERSION = YES;
				GCC_WARN_ABOUT_RETURN_TYPE = YES_ERROR;
				GCC_WARN_UNDECLARED_SELECTOR = YES;
				GCC_WARN_UNINITIALIZED_AUTOS = YES_AGGRESSIVE;
				GCC_WARN_UNUSED_FUNCTION = YES;
				GCC_WARN_UNUSED_VARIABLE = YES;
				IPHONEOS_DEPLOYMENT_TARGET = 11.2;
				MTL_ENABLE_DEBUG_INFO = NO;
				SDKROOT = iphoneos;
				SWIFT_OPTIMIZATION_LEVEL = "-Owholemodule";
				VALIDATE_PRODUCT = YES;
			};
			name = Release;
		};
		7232BF332162EC8E0053368B /* Debug */ = {
			isa = XCBuildConfiguration;
			buildSettings = {
				ASSETCATALOG_COMPILER_APPICON_NAME = AppIcon;
				CODE_SIGN_STYLE = Automatic;
				INFOPLIST_FILE = "WengZheng Mini App/Info.plist";
				LD_RUNPATH_SEARCH_PATHS = "$(inherited) @executable_path/Frameworks";
				PRODUCT_BUNDLE_IDENTIFIER = "com.uva.cs.4720.WengZheng-Mini-App";
				PRODUCT_NAME = "$(TARGET_NAME)";
				SWIFT_VERSION = 4.0;
				TARGETED_DEVICE_FAMILY = "1,2";
			};
			name = Debug;
		};
		7232BF342162EC8E0053368B /* Release */ = {
			isa = XCBuildConfiguration;
			buildSettings = {
				ASSETCATALOG_COMPILER_APPICON_NAME = AppIcon;
				CODE_SIGN_STYLE = Automatic;
				INFOPLIST_FILE = "WengZheng Mini App/Info.plist";
				LD_RUNPATH_SEARCH_PATHS = "$(inherited) @executable_path/Frameworks";
				PRODUCT_BUNDLE_IDENTIFIER = "com.uva.cs.4720.WengZheng-Mini-App";
				PRODUCT_NAME = "$(TARGET_NAME)";
				SWIFT_VERSION = 4.0;
				TARGETED_DEVICE_FAMILY = "1,2";
			};
			name = Release;
		};
		7232BF362162EC8E0053368B /* Debug */ = {
			isa = XCBuildConfiguration;
			buildSettings = {
				ALWAYS_EMBED_SWIFT_STANDARD_LIBRARIES = YES;
				BUNDLE_LOADER = "$(TEST_HOST)";
				CODE_SIGN_STYLE = Automatic;
				INFOPLIST_FILE = "WengZheng Mini AppTests/Info.plist";
				LD_RUNPATH_SEARCH_PATHS = "$(inherited) @executable_path/Frameworks @loader_path/Frameworks";
				PRODUCT_BUNDLE_IDENTIFIER = "com.uva.cs.4720.WengZheng-Mini-AppTests";
				PRODUCT_NAME = "$(TARGET_NAME)";
				SWIFT_VERSION = 4.0;
				TARGETED_DEVICE_FAMILY = "1,2";
				TEST_HOST = "$(BUILT_PRODUCTS_DIR)/WengZheng Mini App.app/WengZheng Mini App";
			};
			name = Debug;
		};
		7232BF372162EC8E0053368B /* Release */ = {
			isa = XCBuildConfiguration;
			buildSettings = {
				ALWAYS_EMBED_SWIFT_STANDARD_LIBRARIES = YES;
				BUNDLE_LOADER = "$(TEST_HOST)";
				CODE_SIGN_STYLE = Automatic;
				INFOPLIST_FILE = "WengZheng Mini AppTests/Info.plist";
				LD_RUNPATH_SEARCH_PATHS = "$(inherited) @executable_path/Frameworks @loader_path/Frameworks";
				PRODUCT_BUNDLE_IDENTIFIER = "com.uva.cs.4720.WengZheng-Mini-AppTests";
				PRODUCT_NAME = "$(TARGET_NAME)";
				SWIFT_VERSION = 4.0;
				TARGETED_DEVICE_FAMILY = "1,2";
				TEST_HOST = "$(BUILT_PRODUCTS_DIR)/WengZheng Mini App.app/WengZheng Mini App";
			};
			name = Release;
		};
/* End XCBuildConfiguration section */

/* Begin XCConfigurationList section */
		7232BF102162EC8E0053368B /* Build configuration list for PBXProject "WengZheng Mini App" */ = {
			isa = XCConfigurationList;
			buildConfigurations = (
				7232BF302162EC8E0053368B /* Debug */,
				7232BF312162EC8E0053368B /* Release */,
			);
			defaultConfigurationIsVisible = 0;
			defaultConfigurationName = Release;
		};
		7232BF322162EC8E0053368B /* Build configuration list for PBXNativeTarget "WengZheng Mini App" */ = {
			isa = XCConfigurationList;
			buildConfigurations = (
				7232BF332162EC8E0053368B /* Debug */,
				7232BF342162EC8E0053368B /* Release */,
			);
			defaultConfigurationIsVisible = 0;
			defaultConfigurationName = Release;
		};
		7232BF352162EC8E0053368B /* Build configuration list for PBXNativeTarget "WengZheng Mini AppTests" */ = {
			isa = XCConfigurationList;
			buildConfigurations = (
				7232BF362162EC8E0053368B /* Debug */,
				7232BF372162EC8E0053368B /* Release */,
			);
			defaultConfigurationIsVisible = 0;
			defaultConfigurationName = Release;
		};
/* End XCConfigurationList section */
	};
	rootObject = 7232BF0D2162EC8E0053368B /* Project object */;
}
